// !$*UTF8*$!
{
	archiveVersion = 1;
	classes = {
	};
	objectVersion = 55;
	objects = {

/* Begin PBXBuildFile section */
		ACD17106283E54CF00ED8B87 /* searchViewController.swift in Sources */ = {isa = PBXBuildFile; fileRef = ACD17105283E54CF00ED8B87 /* searchViewController.swift */; };
		ACD17108283E590200ED8B87 /* searchTableViewCell.swift in Sources */ = {isa = PBXBuildFile; fileRef = ACD17107283E590200ED8B87 /* searchTableViewCell.swift */; };
		ACDFC69C283D8D66009BD32D /* AppDelegate.swift in Sources */ = {isa = PBXBuildFile; fileRef = ACDFC69B283D8D66009BD32D /* AppDelegate.swift */; };
		ACDFC69E283D8D66009BD32D /* SceneDelegate.swift in Sources */ = {isa = PBXBuildFile; fileRef = ACDFC69D283D8D66009BD32D /* SceneDelegate.swift */; };
		ACDFC6A0283D8D66009BD32D /* ViewController.swift in Sources */ = {isa = PBXBuildFile; fileRef = ACDFC69F283D8D66009BD32D /* ViewController.swift */; };
		ACDFC6A3283D8D66009BD32D /* Main.storyboard in Resources */ = {isa = PBXBuildFile; fileRef = ACDFC6A1283D8D66009BD32D /* Main.storyboard */; };
		ACDFC6A5283D8D69009BD32D /* Assets.xcassets in Resources */ = {isa = PBXBuildFile; fileRef = ACDFC6A4283D8D69009BD32D /* Assets.xcassets */; };
		ACDFC6A8283D8D69009BD32D /* LaunchScreen.storyboard in Resources */ = {isa = PBXBuildFile; fileRef = ACDFC6A6283D8D69009BD32D /* LaunchScreen.storyboard */; };
/* End PBXBuildFile section */

/* Begin PBXFileReference section */
		ACD17105283E54CF00ED8B87 /* searchViewController.swift */ = {isa = PBXFileReference; lastKnownFileType = sourcecode.swift; path = searchViewController.swift; sourceTree = "<group>"; };
		ACD17107283E590200ED8B87 /* searchTableViewCell.swift */ = {isa = PBXFileReference; lastKnownFileType = sourcecode.swift; path = searchTableViewCell.swift; sourceTree = "<group>"; };
		ACDFC698283D8D66009BD32D /* A1_A2_iOS_Vraj_C0852332.app */ = {isa = PBXFileReference; explicitFileType = wrapper.application; includeInIndex = 0; path = A1_A2_iOS_Vraj_C0852332.app; sourceTree = BUILT_PRODUCTS_DIR; };
		ACDFC69B283D8D66009BD32D /* AppDelegate.swift */ = {isa = PBXFileReference; lastKnownFileType = sourcecode.swift; path = AppDelegate.swift; sourceTree = "<group>"; };
		ACDFC69D283D8D66009BD32D /* SceneDelegate.swift */ = {isa = PBXFileReference; lastKnownFileType = sourcecode.swift; path = SceneDelegate.swift; sourceTree = "<group>"; };
		ACDFC69F283D8D66009BD32D /* ViewController.swift */ = {isa = PBXFileReference; lastKnownFileType = sourcecode.swift; path = ViewController.swift; sourceTree = "<group>"; };
		ACDFC6A2283D8D66009BD32D /* Base */ = {isa = PBXFileReference; lastKnownFileType = file.storyboard; name = Base; path = Base.lproj/Main.storyboard; sourceTree = "<group>"; };
		ACDFC6A4283D8D69009BD32D /* Assets.xcassets */ = {isa = PBXFileReference; lastKnownFileType = folder.assetcatalog; path = Assets.xcassets; sourceTree = "<group>"; };
		ACDFC6A7283D8D69009BD32D /* Base */ = {isa = PBXFileReference; lastKnownFileType = file.storyboard; name = Base; path = Base.lproj/LaunchScreen.storyboard; sourceTree = "<group>"; };
		ACDFC6A9283D8D69009BD32D /* Info.plist */ = {isa = PBXFileReference; lastKnownFileType = text.plist.xml; path = Info.plist; sourceTree = "<group>"; };
/* End PBXFileReference section */

/* Begin PBXFrameworksBuildPhase section */
		ACDFC695283D8D66009BD32D /* Frameworks */ = {
			isa = PBXFrameworksBuildPhase;
			buildActionMask = 2147483647;
			files = (
			);
			runOnlyForDeploymentPostprocessing = 0;
		};
/* End PBXFrameworksBuildPhase section */

/* Begin PBXGroup section */
		ACDFC68F283D8D66009BD32D = {
			isa = PBXGroup;
			children = (
				ACDFC69A283D8D66009BD32D /* A1_A2_iOS_Vraj_C0852332 */,
				ACDFC699283D8D66009BD32D /* Products */,
			);
			sourceTree = "<group>";
		};
		ACDFC699283D8D66009BD32D /* Products */ = {
			isa = PBXGroup;
			children = (
				ACDFC698283D8D66009BD32D /* A1_A2_iOS_Vraj_C0852332.app */,
			);
			name = Products;
			sourceTree = "<group>";
		};
		ACDFC69A283D8D66009BD32D /* A1_A2_iOS_Vraj_C0852332 */ = {
			isa = PBXGroup;
			children = (
				ACDFC69B283D8D66009BD32D /* AppDelegate.swift */,
				ACDFC69D283D8D66009BD32D /* SceneDelegate.swift */,
				ACDFC69F283D8D66009BD32D /* ViewController.swift */,
				ACDFC6A1283D8D66009BD32D /* Main.storyboard */,
				ACDFC6A4283D8D69009BD32D /* Assets.xcassets */,
				ACDFC6A6283D8D69009BD32D /* LaunchScreen.storyboard */,
				ACDFC6A9283D8D69009BD32D /* Info.plist */,
				ACD17105283E54CF00ED8B87 /* searchViewController.swift */,
				ACD17107283E590200ED8B87 /* searchTableViewCell.swift */,
			);
			path = A1_A2_iOS_Vraj_C0852332;
			sourceTree = "<group>";
		};
/* End PBXGroup section */

/* Begin PBXNativeTarget section */
		ACDFC697283D8D66009BD32D /* A1_A2_iOS_Vraj_C0852332 */ = {
			isa = PBXNativeTarget;
			buildConfigurationList = ACDFC6AC283D8D69009BD32D /* Build configuration list for PBXNativeTarget "A1_A2_iOS_Vraj_C0852332" */;
			buildPhases = (
				ACDFC694283D8D66009BD32D /* Sources */,
				ACDFC695283D8D66009BD32D /* Frameworks */,
				ACDFC696283D8D66009BD32D /* Resources */,
			);
			buildRules = (
			);
			dependencies = (
			);
			name = A1_A2_iOS_Vraj_C0852332;
			productName = A1_A2_iOS_Vraj_C0852332;
			productReference = ACDFC698283D8D66009BD32D /* A1_A2_iOS_Vraj_C0852332.app */;
			productType = "com.apple.product-type.application";
		};
/* End PBXNativeTarget section */

/* Begin PBXProject section */
		ACDFC690283D8D66009BD32D /* Project object */ = {
			isa = PBXProject;
			attributes = {
				BuildIndependentTargetsInParallel = 1;
				LastSwiftUpdateCheck = 1340;
				LastUpgradeCheck = 1340;
				TargetAttributes = {
					ACDFC697283D8D66009BD32D = {
						CreatedOnToolsVersion = 13.4;
					};
				};
			};
			buildConfigurationList = ACDFC693283D8D66009BD32D /* Build configuration list for PBXProject "A1_A2_iOS_Vraj_C0852332" */;
			compatibilityVersion = "Xcode 13.0";
			developmentRegion = en;
			hasScannedForEncodings = 0;
			knownRegions = (
				en,
				Base,
			);
			mainGroup = ACDFC68F283D8D66009BD32D;
			productRefGroup = ACDFC699283D8D66009BD32D /* Products */;
			projectDirPath = "";
			projectRoot = "";
			targets = (
				ACDFC697283D8D66009BD32D /* A1_A2_iOS_Vraj_C0852332 */,
			);
		};
/* End PBXProject section */

/* Begin PBXResourcesBuildPhase section */
		ACDFC696283D8D66009BD32D /* Resources */ = {
			isa = PBXResourcesBuildPhase;
			buildActionMask = 2147483647;
			files = (
				ACDFC6A8283D8D69009BD32D /* LaunchScreen.storyboard in Resources */,
				ACDFC6A5283D8D69009BD32D /* Assets.xcassets in Resources */,
				ACDFC6A3283D8D66009BD32D /* Main.storyboard in Resources */,
			);
			runOnlyForDeploymentPostprocessing = 0;
		};
/* End PBXResourcesBuildPhase section */

/* Begin PBXSourcesBuildPhase section */
		ACDFC694283D8D66009BD32D /* Sources */ = {
			isa = PBXSourcesBuildPhase;
			buildActionMask = 2147483647;
			files = (
				ACD17108283E590200ED8B87 /* searchTableViewCell.swift in Sources */,
				ACDFC6A0283D8D66009BD32D /* ViewController.swift in Sources */,
				ACDFC69C283D8D66009BD32D /* AppDelegate.swift in Sources */,
				ACD17106283E54CF00ED8B87 /* searchViewController.swift in Sources */,
				ACDFC69E283D8D66009BD32D /* SceneDelegate.swift in Sources */,
			);
			runOnlyForDeploymentPostprocessing = 0;
		};
/* End PBXSourcesBuildPhase section */

/* Begin PBXVariantGroup section */
		ACDFC6A1283D8D66009BD32D /* Main.storyboard */ = {
			isa = PBXVariantGroup;
			children = (
				ACDFC6A2283D8D66009BD32D /* Base */,
			);
			name = Main.storyboard;
			sourceTree = "<group>";
		};
		ACDFC6A6283D8D69009BD32D /* LaunchScreen.storyboard */ = {
			isa = PBXVariantGroup;
			children = (
				ACDFC6A7283D8D69009BD32D /* Base */,
			);
			name = LaunchScreen.storyboard;
			sourceTree = "<group>";
		};
/* End PBXVariantGroup section */

/* Begin XCBuildConfiguration section */
		ACDFC6AA283D8D69009BD32D /* Debug */ = {
			isa = XCBuildConfiguration;
			buildSettings = {
				ALWAYS_SEARCH_USER_PATHS = NO;
				CLANG_ANALYZER_NONNULL = YES;
				CLANG_ANALYZER_NUMBER_OBJECT_CONVERSION = YES_AGGRESSIVE;
				CLANG_CXX_LANGUAGE_STANDARD = "gnu++17";
				CLANG_ENABLE_MODULES = YES;
				CLANG_ENABLE_OBJC_ARC = YES;
				CLANG_ENABLE_OBJC_WEAK = YES;
				CLANG_WARN_BLOCK_CAPTURE_AUTORELEASING = YES;
				CLANG_WARN_BOOL_CONVERSION = YES;
				CLANG_WARN_COMMA = YES;
				CLANG_WARN_CONSTANT_CONVERSION = YES;
				CLANG_WARN_DEPRECATED_OBJC_IMPLEMENTATIONS = YES;
				CLANG_WARN_DIRECT_OBJC_ISA_USAGE = YES_ERROR;
				CLANG_WARN_DOCUMENTATION_COMMENTS = YES;
				CLANG_WARN_EMPTY_BODY = YES;
				CLANG_WARN_ENUM_CONVERSION = YES;
				CLANG_WARN_INFINITE_RECURSION = YES;
				CLANG_WARN_INT_CONVERSION = YES;
				CLANG_WARN_NON_LITERAL_NULL_CONVERSION = YES;
				CLANG_WARN_OBJC_IMPLICIT_RETAIN_SELF = YES;
				CLANG_WARN_OBJC_LITERAL_CONVERSION = YES;
				CLANG_WARN_OBJC_ROOT_CLASS = YES_ERROR;
				CLANG_WARN_QUOTED_INCLUDE_IN_FRAMEWORK_HEADER = YES;
				CLANG_WARN_RANGE_LOOP_ANALYSIS = YES;
				CLANG_WARN_STRICT_PROTOTYPES = YES;
				CLANG_WARN_SUSPICIOUS_MOVE = YES;
				CLANG_WARN_UNGUARDED_AVAILABILITY = YES_AGGRESSIVE;
				CLANG_WARN_UNREACHABLE_CODE = YES;
				CLANG_WARN__DUPLICATE_METHOD_MATCH = YES;
				COPY_PHASE_STRIP = NO;
				DEBUG_INFORMATION_FORMAT = dwarf;
				ENABLE_STRICT_OBJC_MSGSEND = YES;
				ENABLE_TESTABILITY = YES;
				GCC_C_LANGUAGE_STANDARD = gnu11;
				GCC_DYNAMIC_NO_PIC = NO;
				GCC_NO_COMMON_BLOCKS = YES;
				GCC_OPTIMIZATION_LEVEL = 0;
				GCC_PREPROCESSOR_DEFINITIONS = (
					"DEBUG=1",
					"$(inherited)",
				);
				GCC_WARN_64_TO_32_BIT_CONVERSION = YES;
				GCC_WARN_ABOUT_RETURN_TYPE = YES_ERROR;
				GCC_WARN_UNDECLARED_SELECTOR = YES;
				GCC_WARN_UNINITIALIZED_AUTOS = YES_AGGRESSIVE;
				GCC_WARN_UNUSED_FUNCTION = YES;
				GCC_WARN_UNUSED_VARIABLE = YES;
				IPHONEOS_DEPLOYMENT_TARGET = 15.5;
				MTL_ENABLE_DEBUG_INFO = INCLUDE_SOURCE;
				MTL_FAST_MATH = YES;
				ONLY_ACTIVE_ARCH = YES;
				SDKROOT = iphoneos;
				SWIFT_ACTIVE_COMPILATION_CONDITIONS = DEBUG;
				SWIFT_OPTIMIZATION_LEVEL = "-Onone";
			};
			name = Debug;
		};
		ACDFC6AB283D8D69009BD32D /* Release */ = {
			isa = XCBuildConfiguration;
			buildSettings = {
				ALWAYS_SEARCH_USER_PATHS = NO;
				CLANG_ANALYZER_NONNULL = YES;
				CLANG_ANALYZER_NUMBER_OBJECT_CONVERSION = YES_AGGRESSIVE;
				CLANG_CXX_LANGUAGE_STANDARD = "gnu++17";
				CLANG_ENABLE_MODULES = YES;
				CLANG_ENABLE_OBJC_ARC = YES;
				CLANG_ENABLE_OBJC_WEAK = YES;
				CLANG_WARN_BLOCK_CAPTURE_AUTORELEASING = YES;
				CLANG_WARN_BOOL_CONVERSION = YES;
				CLANG_WARN_COMMA = YES;
				CLANG_WARN_CONSTANT_CONVERSION = YES;
				CLANG_WARN_DEPRECATED_OBJC_IMPLEMENTATIONS = YES;
				CLANG_WARN_DIRECT_OBJC_ISA_USAGE = YES_ERROR;
				CLANG_WARN_DOCUMENTATION_COMMENTS = YES;
				CLANG_WARN_EMPTY_BODY = YES;
				CLANG_WARN_ENUM_CONVERSION = YES;
				CLANG_WARN_INFINITE_RECURSION = YES;
				CLANG_WARN_INT_CONVERSION = YES;
				CLANG_WARN_NON_LITERAL_NULL_CONVERSION = YES;
				CLANG_WARN_OBJC_IMPLICIT_RETAIN_SELF = YES;
				CLANG_WARN_OBJC_LITERAL_CONVERSION = YES;
				CLANG_WARN_OBJC_ROOT_CLASS = YES_ERROR;
				CLANG_WARN_QUOTED_INCLUDE_IN_FRAMEWORK_HEADER = YES;
				CLANG_WARN_RANGE_LOOP_ANALYSIS = YES;
				CLANG_WARN_STRICT_PROTOTYPES = YES;
				CLANG_WARN_SUSPICIOUS_MOVE = YES;
				CLANG_WARN_UNGUARDED_AVAILABILITY = YES_AGGRESSIVE;
				CLANG_WARN_UNREACHABLE_CODE = YES;
				CLANG_WARN__DUPLICATE_METHOD_MATCH = YES;
				COPY_PHASE_STRIP = NO;
				DEBUG_INFORMATION_FORMAT = "dwarf-with-dsym";
				ENABLE_NS_ASSERTIONS = NO;
				ENABLE_STRICT_OBJC_MSGSEND = YES;
				GCC_C_LANGUAGE_STANDARD = gnu11;
				GCC_NO_COMMON_BLOCKS = YES;
				GCC_WARN_64_TO_32_BIT_CONVERSION = YES;
				GCC_WARN_ABOUT_RETURN_TYPE = YES_ERROR;
				GCC_WARN_UNDECLARED_SELECTOR = YES;
				GCC_WARN_UNINITIALIZED_AUTOS = YES_AGGRESSIVE;
				GCC_WARN_UNUSED_FUNCTION = YES;
				GCC_WARN_UNUSED_VARIABLE = YES;
				IPHONEOS_DEPLOYMENT_TARGET = 15.5;
				MTL_ENABLE_DEBUG_INFO = NO;
				MTL_FAST_MATH = YES;
				SDKROOT = iphoneos;
				SWIFT_COMPILATION_MODE = wholemodule;
				SWIFT_OPTIMIZATION_LEVEL = "-O";
				VALIDATE_PRODUCT = YES;
			};
			name = Release;
		};
		ACDFC6AD283D8D69009BD32D /* Debug */ = {
			isa = XCBuildConfiguration;
			buildSettings = {
				ASSETCATALOG_COMPILER_APPICON_NAME = AppIcon;
				ASSETCATALOG_COMPILER_GLOBAL_ACCENT_COLOR_NAME = AccentColor;
				CODE_SIGN_STYLE = Manual;
				CURRENT_PROJECT_VERSION = 1;
				DEVELOPMENT_TEAM = "";
				GENERATE_INFOPLIST_FILE = YES;
				INFOPLIST_FILE = A1_A2_iOS_Vraj_C0852332/Info.plist;
				INFOPLIST_KEY_UIApplicationSupportsIndirectInputEvents = YES;
				INFOPLIST_KEY_UILaunchStoryboardName = LaunchScreen;
				INFOPLIST_KEY_UIMainStoryboardFile = Main;
				INFOPLIST_KEY_UISupportedInterfaceOrientations_iPad = "UIInterfaceOrientationPortrait UIInterfaceOrientationPortraitUpsideDown UIInterfaceOrientationLandscapeLeft UIInterfaceOrientationLandscapeRight";
				INFOPLIST_KEY_UISupportedInterfaceOrientations_iPhone = "UIInterfaceOrientationPortrait UIInterfaceOrientationLandscapeLeft UIInterfaceOrientationLandscapeRight";
				LD_RUNPATH_SEARCH_PATHS = (
					"$(inherited)",
					"@executable_path/Frameworks",
				);
				MARKETING_VERSION = 1.0;
				PRODUCT_BUNDLE_IDENTIFIER = "firstone.A1-A2-iOS-Vraj-C0852332";
				PRODUCT_NAME = "$(TARGET_NAME)";
				PROVISIONING_PROFILE_SPECIFIER = "";
				SWIFT_EMIT_LOC_STRINGS = YES;
				SWIFT_VERSION = 5.0;
				TARGETED_DEVICE_FAMILY = "1,2";
			};
			name = Debug;
		};
		ACDFC6AE283D8D69009BD32D /* Release */ = {
			isa = XCBuildConfiguration;
			buildSettings = {
				ASSETCATALOG_COMPILER_APPICON_NAME = AppIcon;
				ASSETCATALOG_COMPILER_GLOBAL_ACCENT_COLOR_NAME = AccentColor;
				CODE_SIGN_STYLE = Manual;
				CURRENT_PROJECT_VERSION = 1;
				DEVELOPMENT_TEAM = "";
				GENERATE_INFOPLIST_FILE = YES;
				INFOPLIST_FILE = A1_A2_iOS_Vraj_C0852332/Info.plist;
				INFOPLIST_KEY_UIApplicationSupportsIndirectInputEvents = YES;
				INFOPLIST_KEY_UILaunchStoryboardName = LaunchScreen;
				INFOPLIST_KEY_UIMainStoryboardFile = Main;
				INFOPLIST_KEY_UISupportedInterfaceOrientations_iPad = "UIInterfaceOrientationPortrait UIInterfaceOrientationPortraitUpsideDown UIInterfaceOrientationLandscapeLeft UIInterfaceOrientationLandscapeRight";
				INFOPLIST_KEY_UISupportedInterfaceOrientations_iPhone = "UIInterfaceOrientationPortrait UIInterfaceOrientationLandscapeLeft UIInterfaceOrientationLandscapeRight";
				LD_RUNPATH_SEARCH_PATHS = (
					"$(inherited)",
					"@executable_path/Frameworks",
				);
				MARKETING_VERSION = 1.0;
				PRODUCT_BUNDLE_IDENTIFIER = "firstone.A1-A2-iOS-Vraj-C0852332";
				PRODUCT_NAME = "$(TARGET_NAME)";
				PROVISIONING_PROFILE_SPECIFIER = "";
				SWIFT_EMIT_LOC_STRINGS = YES;
				SWIFT_VERSION = 5.0;
				TARGETED_DEVICE_FAMILY = "1,2";
			};
			name = Release;
		};
/* End XCBuildConfiguration section */

/* Begin XCConfigurationList section */
		ACDFC693283D8D66009BD32D /* Build configuration list for PBXProject "A1_A2_iOS_Vraj_C0852332" */ = {
			isa = XCConfigurationList;
			buildConfigurations = (
				ACDFC6AA283D8D69009BD32D /* Debug */,
				ACDFC6AB283D8D69009BD32D /* Release */,
			);
			defaultConfigurationIsVisible = 0;
			defaultConfigurationName = Release;
		};
		ACDFC6AC283D8D69009BD32D /* Build configuration list for PBXNativeTarget "A1_A2_iOS_Vraj_C0852332" */ = {
			isa = XCConfigurationList;
			buildConfigurations = (
				ACDFC6AD283D8D69009BD32D /* Debug */,
				ACDFC6AE283D8D69009BD32D /* Release */,
			);
			defaultConfigurationIsVisible = 0;
			defaultConfigurationName = Release;
		};
/* End XCConfigurationList section */
	};
	rootObject = ACDFC690283D8D66009BD32D /* Project object */;
}
